
Microsoft Visual Studio Solution File, Format Version 12.00
# Visual Studio 15
VisualStudioVersion = 15.0.27428.2002
MinimumVisualStudioVersion = 10.0.40219.1
Project("{FAE04EC0-301F-11D3-BF4B-00C04F79EFBC}") = "VelibIWS", "VelibIWS\VelibIWS.csproj", "{B68353BC-7496-4773-BF20-FE3683828F2E}"
EndProject
Project("{FAE04EC0-301F-11D3-BF4B-00C04F79EFBC}") = "ClientForm", "ClientForm\ClientForm.csproj", "{2693B5DC-E661-48E2-A485-FDFE2DC97F45}"
EndProject
Global
	GlobalSection(SolutionConfigurationPlatforms) = preSolution
		Debug|Any CPU = Debug|Any CPU
		Release|Any CPU = Release|Any CPU
	EndGlobalSection
	GlobalSection(ProjectConfigurationPlatforms) = postSolution
		{B68353BC-7496-4773-BF20-FE3683828F2E}.Debug|Any CPU.ActiveCfg = Debug|Any CPU
		{B68353BC-7496-4773-BF20-FE3683828F2E}.Debug|Any CPU.Build.0 = Debug|Any CPU
		{B68353BC-7496-4773-BF20-FE3683828F2E}.Release|Any CPU.ActiveCfg = Release|Any CPU
		{B68353BC-7496-4773-BF20-FE3683828F2E}.Release|Any CPU.Build.0 = Release|Any CPU
		{2693B5DC-E661-48E2-A485-FDFE2DC97F45}.Debug|Any CPU.ActiveCfg = Debug|Any CPU
		{2693B5DC-E661-48E2-A485-FDFE2DC97F45}.Debug|Any CPU.Build.0 = Debug|Any CPU
		{2693B5DC-E661-48E2-A485-FDFE2DC97F45}.Release|Any CPU.ActiveCfg = Release|Any CPU
		{2693B5DC-E661-48E2-A485-FDFE2DC97F45}.Release|Any CPU.Build.0 = Release|Any CPU
	EndGlobalSection
	GlobalSection(SolutionProperties) = preSolution
		HideSolutionNode = FALSE
	EndGlobalSection
	GlobalSection(ExtensibilityGlobals) = postSolution
		SolutionGuid = {09DA7BF6-26CA-4789-8819-26F253EF664B}
	EndGlobalSection
EndGlobal
